
Microsoft Visual Studio Solution File, Format Version 12.00
# Visual Studio 15
VisualStudioVersion = 15.0.28010.2041
MinimumVisualStudioVersion = 10.0.40219.1
Project("{FAE04EC0-301F-11D3-BF4B-00C04F79EFBC}") = "ConsoleApp1", "ConsoleApp1\ConsoleApp1.csproj", "{EE690F9C-E5BC-4963-AB5B-8F2A3A565C4D}"
EndProject
Global
	GlobalSection(SolutionConfigurationPlatforms) = preSolution
		Debug|Any CPU = Debug|Any CPU
		Release|Any CPU = Release|Any CPU
	EndGlobalSection
	GlobalSection(ProjectConfigurationPlatforms) = postSolution
		{EE690F9C-E5BC-4963-AB5B-8F2A3A565C4D}.Debug|Any CPU.ActiveCfg = Debug|Any CPU
		{EE690F9C-E5BC-4963-AB5B-8F2A3A565C4D}.Debug|Any CPU.Build.0 = Debug|Any CPU
		{EE690F9C-E5BC-4963-AB5B-8F2A3A565C4D}.Release|Any CPU.ActiveCfg = Release|Any CPU
		{EE690F9C-E5BC-4963-AB5B-8F2A3A565C4D}.Release|Any CPU.Build.0 = Release|Any CPU
	EndGlobalSection
	GlobalSection(SolutionProperties) = preSolution
		HideSolutionNode = FALSE
	EndGlobalSection
	GlobalSection(ExtensibilityGlobals) = postSolution
		SolutionGuid = {1612F32B-832E-44A6-9C7A-2C37345DF98D}
	EndGlobalSection
EndGlobal
