
Microsoft Visual Studio Solution File, Format Version 12.00
# Visual Studio Version 16
VisualStudioVersion = 16.0.28803.202
MinimumVisualStudioVersion = 10.0.40219.1
Project("{FAE04EC0-301F-11D3-BF4B-00C04F79EFBC}") = "Calculator", "Calculator\Calculator.csproj", "{E00E1206-F391-4DB0-BBFC-792234A7999D}"
EndProject
Global
	GlobalSection(SolutionConfigurationPlatforms) = preSolution
		Debug|Any CPU = Debug|Any CPU
		Release|Any CPU = Release|Any CPU
	EndGlobalSection
	GlobalSection(ProjectConfigurationPlatforms) = postSolution
		{E00E1206-F391-4DB0-BBFC-792234A7999D}.Debug|Any CPU.ActiveCfg = Debug|Any CPU
		{E00E1206-F391-4DB0-BBFC-792234A7999D}.Debug|Any CPU.Build.0 = Debug|Any CPU
		{E00E1206-F391-4DB0-BBFC-792234A7999D}.Release|Any CPU.ActiveCfg = Release|Any CPU
		{E00E1206-F391-4DB0-BBFC-792234A7999D}.Release|Any CPU.Build.0 = Release|Any CPU
	EndGlobalSection
	GlobalSection(SolutionProperties) = preSolution
		HideSolutionNode = FALSE
	EndGlobalSection
	GlobalSection(ExtensibilityGlobals) = postSolution
		SolutionGuid = {81880E2C-EAD0-4AC8-9F5E-A161A4577B7A}
	EndGlobalSection
EndGlobal
