
Microsoft Visual Studio Solution File, Format Version 12.00
# Visual Studio Version 16
VisualStudioVersion = 16.0.28803.202
MinimumVisualStudioVersion = 10.0.40219.1
Project("{FAE04EC0-301F-11D3-BF4B-00C04F79EFBC}") = "MortgageCalculatorImperative", "MortgageCalculatorImperative\MortgageCalculatorImperative.csproj", "{479672CD-1C50-4C4D-A7A9-DC6209ED4BE3}"
EndProject
Global
	GlobalSection(SolutionConfigurationPlatforms) = preSolution
		Debug|Any CPU = Debug|Any CPU
		Release|Any CPU = Release|Any CPU
	EndGlobalSection
	GlobalSection(ProjectConfigurationPlatforms) = postSolution
		{479672CD-1C50-4C4D-A7A9-DC6209ED4BE3}.Debug|Any CPU.ActiveCfg = Debug|Any CPU
		{479672CD-1C50-4C4D-A7A9-DC6209ED4BE3}.Debug|Any CPU.Build.0 = Debug|Any CPU
		{479672CD-1C50-4C4D-A7A9-DC6209ED4BE3}.Release|Any CPU.ActiveCfg = Release|Any CPU
		{479672CD-1C50-4C4D-A7A9-DC6209ED4BE3}.Release|Any CPU.Build.0 = Release|Any CPU
	EndGlobalSection
	GlobalSection(SolutionProperties) = preSolution
		HideSolutionNode = FALSE
	EndGlobalSection
	GlobalSection(ExtensibilityGlobals) = postSolution
		SolutionGuid = {F9077F8D-15A9-492C-9554-F8CE334766F7}
	EndGlobalSection
EndGlobal
