
Microsoft Visual Studio Solution File, Format Version 12.00
# Visual Studio Version 16
VisualStudioVersion = 16.0.28803.202
MinimumVisualStudioVersion = 10.0.40219.1
Project("{FAE04EC0-301F-11D3-BF4B-00C04F79EFBC}") = "ConsoleApp3", "ConsoleApp3\ConsoleApp3.csproj", "{1DC7D47F-0873-4DE0-A0FD-A50D781CA93A}"
EndProject
Global
	GlobalSection(SolutionConfigurationPlatforms) = preSolution
		Debug|Any CPU = Debug|Any CPU
		Release|Any CPU = Release|Any CPU
	EndGlobalSection
	GlobalSection(ProjectConfigurationPlatforms) = postSolution
		{1DC7D47F-0873-4DE0-A0FD-A50D781CA93A}.Debug|Any CPU.ActiveCfg = Debug|Any CPU
		{1DC7D47F-0873-4DE0-A0FD-A50D781CA93A}.Debug|Any CPU.Build.0 = Debug|Any CPU
		{1DC7D47F-0873-4DE0-A0FD-A50D781CA93A}.Release|Any CPU.ActiveCfg = Release|Any CPU
		{1DC7D47F-0873-4DE0-A0FD-A50D781CA93A}.Release|Any CPU.Build.0 = Release|Any CPU
	EndGlobalSection
	GlobalSection(SolutionProperties) = preSolution
		HideSolutionNode = FALSE
	EndGlobalSection
	GlobalSection(ExtensibilityGlobals) = postSolution
		SolutionGuid = {88F05191-21F1-44E0-8279-66FDCC31FD28}
	EndGlobalSection
EndGlobal
